<?xml version="1.0" encoding="utf-8"?>
<Project ToolsVersion="4.0" xmlns="http://schemas.microsoft.com/developer/msbuild/2003">
  <ItemGroup>
    <Filter Include="Source Files">
      <UniqueIdentifier>{4FC737F1-C7A5-4376-A066-2A32D752A2FF}</UniqueIdentifier>
      <Extensions>cpp;c;cc;cxx;def;odl;idl;hpj;bat;asm;asmx</Extensions>
    </Filter>
    <Filter Include="Header Files">
      <UniqueIdentifier>{93995380-89BD-4b04-88EB-625FBE52EBFB}</UniqueIdentifier>
      <Extensions>h;hpp;hxx;hm;inl;inc;xsd</Extensions>
    </Filter>
    <Filter Include="Resource Files">
      <UniqueIdentifier>{67DA6AB6-F800-4c08-8B7A-83BB121AAD01}</UniqueIdentifier>
      <Extensions>rc;ico;cur;bmp;dlg;rc2;rct;bin;rgs;gif;jpg;jpeg;jpe;resx;tiff;tif;png;wav;mfcribbon-ms</Extensions>
    </Filter>
    <Filter Include="Tests">
      <UniqueIdentifier>{0ed4fce7-a730-4526-bca0-a1fcb61dc17c}</UniqueIdentifier>
      <Extensions>*Test.cpp</Extensions>
    </Filter>
  </ItemGroup>
  <ItemGroup>
    <ClInclude Include="include\jpeg\fdct.h">
      <Filter>Header Files</Filter>
    </ClInclude>
    <ClInclude Include="include\jpeg\huffman.h">
      <Filter>Header Files</Filter>
    </ClInclude>
    <ClInclude Include="include\jpeg\jpegfile.h">
      <Filter>Header Files</Filter>
    </ClInclude>
    <ClInclude Include="include\jpeg\quantization.h">
      <Filter>Header Files</Filter>
    </ClInclude>
    <ClInclude Include="include\stdafx.h">
      <Filter>Header Files</Filter>
    </ClInclude>
    <ClInclude Include="include\util\bitvector.h">
      <Filter>Header Files</Filter>
    </ClInclude>
    <ClInclude Include="include\util\block.h">
      <Filter>Header Files</Filter>
    </ClInclude>
    <ClInclude Include="include\util\bmp.h">
      <Filter>Header Files</Filter>
    </ClInclude>
    <ClInclude Include="include\util\colorutil.h">
      <Filter>Header Files</Filter>
    </ClInclude>
    <ClInclude Include="include\util\matrix.h">
      <Filter>Header Files</Filter>
    </ClInclude>
  </ItemGroup>
  <ItemGroup>
    <ClCompile Include="test\util\BitVectorTest.cpp">
      <Filter>Tests</Filter>
    </ClCompile>
    <ClCompile Include="test\util\BlockTest.cpp">
      <Filter>Tests</Filter>
    </ClCompile>
    <ClCompile Include="test\util\ColorUtilTest.cpp">
      <Filter>Tests</Filter>
    </ClCompile>
    <ClCompile Include="test\util\MatrixTest.cpp">
      <Filter>Tests</Filter>
    </ClCompile>
    <ClCompile Include="test\TestMain.cpp">
      <Filter>Tests</Filter>
    </ClCompile>
    <ClCompile Include="src\jpeg\fdct.cpp">
      <Filter>Source Files</Filter>
    </ClCompile>
    <ClCompile Include="src\jpeg\huffman.cpp">
      <Filter>Source Files</Filter>
    </ClCompile>
    <ClCompile Include="src\jpeg\jpegfile.cpp">
      <Filter>Source Files</Filter>
    </ClCompile>
    <ClCompile Include="src\jpeg\quantization.cpp">
      <Filter>Source Files</Filter>
    </ClCompile>
    <ClCompile Include="src\main.cpp">
      <Filter>Source Files</Filter>
    </ClCompile>
    <ClCompile Include="src\stdafx.cpp">
      <Filter>Source Files</Filter>
    </ClCompile>
    <ClCompile Include="src\util\bitvector.cpp">
      <Filter>Source Files</Filter>
    </ClCompile>
    <ClCompile Include="src\util\block.cpp">
      <Filter>Source Files</Filter>
    </ClCompile>
    <ClCompile Include="src\util\bmp.cpp">
      <Filter>Source Files</Filter>
    </ClCompile>
    <ClCompile Include="src\util\colorutil.cpp">
      <Filter>Source Files</Filter>
    </ClCompile>
    <ClCompile Include="src\util\hufftable.cpp">
      <Filter>Source Files</Filter>
    </ClCompile>
    <ClCompile Include="test\util\BmpTest.cpp">
      <Filter>Tests</Filter>
    </ClCompile>
  </ItemGroup>
</Project>